
Microsoft Visual Studio Solution File, Format Version 11.00
# Visual Studio 2010
Project("{FAE04EC0-301F-11D3-BF4B-00C04F79EFBC}") = "Assembly-CSharp", "Assembly-CSharp.csproj", "{76BD5B3E-D464-68BE-CD9F-EE035F134F00}"
EndProject
Project("{FAE04EC0-301F-11D3-BF4B-00C04F79EFBC}") = "Assembly-CSharp-Editor", "Assembly-CSharp-Editor.csproj", "{76777F01-5D3E-70BE-CE21-AA474D4BDD5E}"
EndProject
Global
	GlobalSection(SolutionConfigurationPlatforms) = preSolution
		Debug|Any CPU = Debug|Any CPU
		Release|Any CPU = Release|Any CPU
	EndGlobalSection
	GlobalSection(ProjectConfigurationPlatforms) = postSolution
		{76BD5B3E-D464-68BE-CD9F-EE035F134F00}.Debug|Any CPU.ActiveCfg = Debug|Any CPU
		{76BD5B3E-D464-68BE-CD9F-EE035F134F00}.Debug|Any CPU.Build.0 = Debug|Any CPU
		{76BD5B3E-D464-68BE-CD9F-EE035F134F00}.Release|Any CPU.ActiveCfg = Release|Any CPU
		{76BD5B3E-D464-68BE-CD9F-EE035F134F00}.Release|Any CPU.Build.0 = Release|Any CPU
		{76777F01-5D3E-70BE-CE21-AA474D4BDD5E}.Debug|Any CPU.ActiveCfg = Debug|Any CPU
		{76777F01-5D3E-70BE-CE21-AA474D4BDD5E}.Debug|Any CPU.Build.0 = Debug|Any CPU
		{76777F01-5D3E-70BE-CE21-AA474D4BDD5E}.Release|Any CPU.ActiveCfg = Release|Any CPU
		{76777F01-5D3E-70BE-CE21-AA474D4BDD5E}.Release|Any CPU.Build.0 = Release|Any CPU
	EndGlobalSection
	GlobalSection(SolutionProperties) = preSolution
		HideSolutionNode = FALSE
	EndGlobalSection
	GlobalSection(MonoDevelopProperties) = preSolution
		StartupItem = Assembly-CSharp.csproj
	EndGlobalSection
EndGlobal
